// !$*UTF8*$!
{
	archiveVersion = 1;
	classes = {
	};
	objectVersion = 46;
	objects = {

/* Begin PBXBuildFile section */
		3FFE0D751BD6907900783C7F /* sample.c in Sources */ = {isa = PBXBuildFile; fileRef = 3FFE0D741BD6907900783C7F /* sample.c */; settings = {ASSET_TAGS = (); }; };
		3FFE0D771BD690CC00783C7F /* OpenGL.framework in Frameworks */ = {isa = PBXBuildFile; fileRef = 3FFE0D761BD690CC00783C7F /* OpenGL.framework */; };
		3FFE0D791BD690D700783C7F /* GLUT.framework in Frameworks */ = {isa = PBXBuildFile; fileRef = 3FFE0D781BD690D700783C7F /* GLUT.framework */; };
/* End PBXBuildFile section */

/* Begin PBXCopyFilesBuildPhase section */
		3FFE0D661BD68F9100783C7F /* CopyFiles */ = {
			isa = PBXCopyFilesBuildPhase;
			buildActionMask = 2147483647;
			dstPath = /usr/share/man/man1/;
			dstSubfolderSpec = 0;
			files = (
			);
			runOnlyForDeploymentPostprocessing = 1;
		};
/* End PBXCopyFilesBuildPhase section */

/* Begin PBXFileReference section */
		3FFE0D681BD68F9200783C7F /* harrygla */ = {isa = PBXFileReference; explicitFileType = "compiled.mach-o.executable"; includeInIndex = 0; path = harrygla; sourceTree = BUILT_PRODUCTS_DIR; };
		3FFE0D741BD6907900783C7F /* sample.c */ = {isa = PBXFileReference; fileEncoding = 4; lastKnownFileType = sourcecode.c.c; path = sample.c; sourceTree = "<group>"; };
		3FFE0D761BD690CC00783C7F /* OpenGL.framework */ = {isa = PBXFileReference; lastKnownFileType = wrapper.framework; name = OpenGL.framework; path = System/Library/Frameworks/OpenGL.framework; sourceTree = SDKROOT; };
		3FFE0D781BD690D700783C7F /* GLUT.framework */ = {isa = PBXFileReference; lastKnownFileType = wrapper.framework; name = GLUT.framework; path = System/Library/Frameworks/GLUT.framework; sourceTree = SDKROOT; };
/* End PBXFileReference section */

/* Begin PBXFrameworksBuildPhase section */
		3FFE0D651BD68F9100783C7F /* Frameworks */ = {
			isa = PBXFrameworksBuildPhase;
			buildActionMask = 2147483647;
			files = (
				3FFE0D791BD690D700783C7F /* GLUT.framework in Frameworks */,
				3FFE0D771BD690CC00783C7F /* OpenGL.framework in Frameworks */,
			);
			runOnlyForDeploymentPostprocessing = 0;
		};
/* End PBXFrameworksBuildPhase section */

/* Begin PBXGroup section */
		3FFE0D5F1BD68F9000783C7F = {
			isa = PBXGroup;
			children = (
				3FFE0D781BD690D700783C7F /* GLUT.framework */,
				3FFE0D761BD690CC00783C7F /* OpenGL.framework */,
				3FFE0D6A1BD68F9200783C7F /* harrygla */,
				3FFE0D691BD68F9200783C7F /* Products */,
			);
			sourceTree = "<group>";
		};
		3FFE0D691BD68F9200783C7F /* Products */ = {
			isa = PBXGroup;
			children = (
				3FFE0D681BD68F9200783C7F /* harrygla */,
			);
			name = Products;
			sourceTree = "<group>";
		};
		3FFE0D6A1BD68F9200783C7F /* harrygla */ = {
			isa = PBXGroup;
			children = (
				3FFE0D741BD6907900783C7F /* sample.c */,
			);
			path = harrygla;
			sourceTree = "<group>";
		};
/* End PBXGroup section */

/* Begin PBXNativeTarget section */
		3FFE0D671BD68F9100783C7F /* harrygla */ = {
			isa = PBXNativeTarget;
			buildConfigurationList = 3FFE0D6F1BD68F9200783C7F /* Build configuration list for PBXNativeTarget "harrygla" */;
			buildPhases = (
				3FFE0D641BD68F9100783C7F /* Sources */,
				3FFE0D651BD68F9100783C7F /* Frameworks */,
				3FFE0D661BD68F9100783C7F /* CopyFiles */,
			);
			buildRules = (
			);
			dependencies = (
			);
			name = harrygla;
			productName = harrygla;
			productReference = 3FFE0D681BD68F9200783C7F /* harrygla */;
			productType = "com.apple.product-type.tool";
		};
/* End PBXNativeTarget section */

/* Begin PBXProject section */
		3FFE0D601BD68F9100783C7F /* Project object */ = {
			isa = PBXProject;
			attributes = {
				LastUpgradeCheck = 0700;
				ORGANIZATIONNAME = harrymike;
				TargetAttributes = {
					3FFE0D671BD68F9100783C7F = {
						CreatedOnToolsVersion = 7.0;
					};
				};
			};
			buildConfigurationList = 3FFE0D631BD68F9100783C7F /* Build configuration list for PBXProject "harrygla" */;
			compatibilityVersion = "Xcode 3.2";
			developmentRegion = English;
			hasScannedForEncodings = 0;
			knownRegions = (
				en,
			);
			mainGroup = 3FFE0D5F1BD68F9000783C7F;
			productRefGroup = 3FFE0D691BD68F9200783C7F /* Products */;
			projectDirPath = "";
			projectRoot = "";
			targets = (
				3FFE0D671BD68F9100783C7F /* harrygla */,
			);
		};
/* End PBXProject section */

/* Begin PBXSourcesBuildPhase section */
		3FFE0D641BD68F9100783C7F /* Sources */ = {
			isa = PBXSourcesBuildPhase;
			buildActionMask = 2147483647;
			files = (
				3FFE0D751BD6907900783C7F /* sample.c in Sources */,
			);
			runOnlyForDeploymentPostprocessing = 0;
		};
/* End PBXSourcesBuildPhase section */

/* Begin XCBuildConfiguration section */
		3FFE0D6D1BD68F9200783C7F /* Debug */ = {
			isa = XCBuildConfiguration;
			buildSettings = {
				ALWAYS_SEARCH_USER_PATHS = NO;
				CLANG_CXX_LANGUAGE_STANDARD = "gnu++0x";
				CLANG_CXX_LIBRARY = "libc++";
				CLANG_ENABLE_MODULES = YES;
				CLANG_ENABLE_OBJC_ARC = YES;
				CLANG_WARN_BOOL_CONVERSION = YES;
				CLANG_WARN_CONSTANT_CONVERSION = YES;
				CLANG_WARN_DIRECT_OBJC_ISA_USAGE = YES_ERROR;
				CLANG_WARN_EMPTY_BODY = YES;
				CLANG_WARN_ENUM_CONVERSION = YES;
				CLANG_WARN_INT_CONVERSION = YES;
				CLANG_WARN_OBJC_ROOT_CLASS = YES_ERROR;
				CLANG_WARN_UNREACHABLE_CODE = YES;
				CLANG_WARN__DUPLICATE_METHOD_MATCH = YES;
				COPY_PHASE_STRIP = NO;
				DEBUG_INFORMATION_FORMAT = dwarf;
				ENABLE_STRICT_OBJC_MSGSEND = YES;
				ENABLE_TESTABILITY = YES;
				GCC_C_LANGUAGE_STANDARD = gnu99;
				GCC_DYNAMIC_NO_PIC = NO;
				GCC_NO_COMMON_BLOCKS = YES;
				GCC_OPTIMIZATION_LEVEL = 0;
				GCC_PREPROCESSOR_DEFINITIONS = (
					"DEBUG=1",
					"$(inherited)",
				);
				GCC_WARN_64_TO_32_BIT_CONVERSION = YES;
				GCC_WARN_ABOUT_RETURN_TYPE = YES_ERROR;
				GCC_WARN_UNDECLARED_SELECTOR = YES;
				GCC_WARN_UNINITIALIZED_AUTOS = YES_AGGRESSIVE;
				GCC_WARN_UNUSED_FUNCTION = YES;
				GCC_WARN_UNUSED_VARIABLE = YES;
				MACOSX_DEPLOYMENT_TARGET = 10.10;
				MTL_ENABLE_DEBUG_INFO = YES;
				ONLY_ACTIVE_ARCH = YES;
				SDKROOT = macosx;
			};
			name = Debug;
		};
		3FFE0D6E1BD68F9200783C7F /* Release */ = {
			isa = XCBuildConfiguration;
			buildSettings = {
				ALWAYS_SEARCH_USER_PATHS = NO;
				CLANG_CXX_LANGUAGE_STANDARD = "gnu++0x";
				CLANG_CXX_LIBRARY = "libc++";
				CLANG_ENABLE_MODULES = YES;
				CLANG_ENABLE_OBJC_ARC = YES;
				CLANG_WARN_BOOL_CONVERSION = YES;
				CLANG_WARN_CONSTANT_CONVERSION = YES;
				CLANG_WARN_DIRECT_OBJC_ISA_USAGE = YES_ERROR;
				CLANG_WARN_EMPTY_BODY = YES;
				CLANG_WARN_ENUM_CONVERSION = YES;
				CLANG_WARN_INT_CONVERSION = YES;
				CLANG_WARN_OBJC_ROOT_CLASS = YES_ERROR;
				CLANG_WARN_UNREACHABLE_CODE = YES;
				CLANG_WARN__DUPLICATE_METHOD_MATCH = YES;
				COPY_PHASE_STRIP = NO;
				DEBUG_INFORMATION_FORMAT = "dwarf-with-dsym";
				ENABLE_NS_ASSERTIONS = NO;
				ENABLE_STRICT_OBJC_MSGSEND = YES;
				GCC_C_LANGUAGE_STANDARD = gnu99;
				GCC_NO_COMMON_BLOCKS = YES;
				GCC_WARN_64_TO_32_BIT_CONVERSION = YES;
				GCC_WARN_ABOUT_RETURN_TYPE = YES_ERROR;
				GCC_WARN_UNDECLARED_SELECTOR = YES;
				GCC_WARN_UNINITIALIZED_AUTOS = YES_AGGRESSIVE;
				GCC_WARN_UNUSED_FUNCTION = YES;
				GCC_WARN_UNUSED_VARIABLE = YES;
				MACOSX_DEPLOYMENT_TARGET = 10.10;
				MTL_ENABLE_DEBUG_INFO = NO;
				SDKROOT = macosx;
			};
			name = Release;
		};
		3FFE0D701BD68F9200783C7F /* Debug */ = {
			isa = XCBuildConfiguration;
			buildSettings = {
				OTHER_CFLAGS = "";
				PRODUCT_NAME = "$(TARGET_NAME)";
			};
			name = Debug;
		};
		3FFE0D711BD68F9200783C7F /* Release */ = {
			isa = XCBuildConfiguration;
			buildSettings = {
				OTHER_CFLAGS = "";
				PRODUCT_NAME = "$(TARGET_NAME)";
			};
			name = Release;
		};
/* End XCBuildConfiguration section */

/* Begin XCConfigurationList section */
		3FFE0D631BD68F9100783C7F /* Build configuration list for PBXProject "harrygla" */ = {
			isa = XCConfigurationList;
			buildConfigurations = (
				3FFE0D6D1BD68F9200783C7F /* Debug */,
				3FFE0D6E1BD68F9200783C7F /* Release */,
			);
			defaultConfigurationIsVisible = 0;
			defaultConfigurationName = Release;
		};
		3FFE0D6F1BD68F9200783C7F /* Build configuration list for PBXNativeTarget "harrygla" */ = {
			isa = XCConfigurationList;
			buildConfigurations = (
				3FFE0D701BD68F9200783C7F /* Debug */,
				3FFE0D711BD68F9200783C7F /* Release */,
			);
			defaultConfigurationIsVisible = 0;
		};
/* End XCConfigurationList section */
	};
	rootObject = 3FFE0D601BD68F9100783C7F /* Project object */;
}
